{
	"name": "content-qa",
	"lockfileVersion": 3,
	"requires": true,
	"packages": {
		"": {
			"name": "content-qa",
			"license": "Copyright Web Services, Bemidji State University - All Rights Reserved. Unauthorized copying of any files or code in this package, via any medium is strictly prohibited.",
			"devDependencies": {
				"@bsu/BSUPhpLint": "npm:@bemidjistate/bsuphplint@2.0.3",
				"@bsu/wp-coding-standards": "npm:@bemidjistate/wp-coding-standards@3.5.0"
			},
			"engines": {
				"node": ">=24.18",
				"npm": ">=11.6"
			}
		},
		"node_modules/@bsu/BSUPhpLint": {
			"name": "@bemidjistate/bsuphplint",
			"version": "2.0.3",
			"resolved": "https://npm.pkg.github.com/download/@bemidjistate/bsuphplint/2.0.3/20b7c3b17c27ee3c9062047475e4d45c0a0032eb",
			"integrity": "sha512-k5HgAkTkElSQEk8nqNJs9YX5pjBTuonS61S4RT2p6Sa6H6NCtAKbcuLbSIhieUzGr4VFgdReY8cpNU/XiqbtpA==",
			"dev": true,
			"license": "Copyright Web Services, Bemidji State University - All Rights Reserved. Unauthorized copying of any files or code in this package, via any medium is strictly prohibited.",
			"engines": {
				"node": ">=24.18",
				"npm": ">=11.6"
			}
		},
		"node_modules/@bsu/wp-coding-standards": {
			"name": "@bemidjistate/wp-coding-standards",
			"version": "3.5.0",
			"resolved": "https://npm.pkg.github.com/download/@bemidjistate/wp-coding-standards/3.5.0/da948e9ef1d7a6cbe7c042fe20728cc2971c654a",
			"integrity": "sha512-QD/lZ0aWfWJw1fuEg3SQVrXpNQzcenkpLDXzeXBxRXp1BLYcdVbIEWtJJGER9sCfPcVT7UlP5g5R010OLfRauw==",
			"dev": true,
			"license": "Copyright Web Services, Bemidji State University - All Rights Reserved. Unauthorized copying of any files or code in this package, via any medium is strictly prohibited.",
			"engines": {
				"node": ">=24.12",
				"npm": ">=11.10"
			}
		}
	}
}
